<?xml version="1.0" encoding="utf-8"?>
<Project ToolsVersion="4.0" xmlns="http://schemas.microsoft.com/developer/msbuild/2003">
  <ItemGroup>
    <Filter Include="源文件">
      <UniqueIdentifier>{1b66d0c2-de1c-43f9-b375-56ae42174bb1}</UniqueIdentifier>
      <Extensions>cpp;c;cxx;rc;def;r;odl;idl;hpj;bat</Extensions>
    </Filter>
    <Filter Include="头文件">
      <UniqueIdentifier>{4c31d122-1c3a-4d77-9762-a2d95bac3d32}</UniqueIdentifier>
      <Extensions>h;hpp;hxx;hm;inl</Extensions>
    </Filter>
  </ItemGroup>
  <ItemGroup>
    <ClCompile Include="main.cpp">
      <Filter>源文件</Filter>
    </ClCompile>
    <ClCompile Include="Power0.cpp">
      <Filter>源文件</Filter>
    </ClCompile>
    <ClCompile Include="Power1.cpp">
      <Filter>源文件</Filter>
    </ClCompile>
    <ClCompile Include="Power2-0-I.cpp">
      <Filter>源文件</Filter>
    </ClCompile>
    <ClCompile Include="Power2-0-R.cpp">
      <Filter>源文件</Filter>
    </ClCompile>
    <ClCompile Include="Power2-1-I.cpp">
      <Filter>源文件</Filter>
    </ClCompile>
    <ClCompile Include="Power2-1-R.cpp">
      <Filter>源文件</Filter>
    </ClCompile>
  </ItemGroup>
  <ItemGroup>
    <None Include="ClassDiagram1.cd" />
  </ItemGroup>
</Project>